Categories:
  - Games
License: GPL-3.0-or-later
SourceCode: https://codeberg.org/rootminusone8004/Klock.git
IssueTracker: https://codeberg.org/rootminusone8004/Klock.git/issues

Description: A simple chess based clock application

RepoType: git
Repo: https://codeberg.org/rootminusone8004/Klock.git

Builds:
  - versionName: '1.0'
    versionCode: 1
    commit: bdc519f1b95ea4826c3c2bd70d6bc9c651835665
    subdir: app
    gradle:
      - yes

AutoUpdateMode: None
UpdateCheckMode: Tags
