Categories:
  - Security
  - System
License: GPL-3.0-or-later
AuthorName: Concerned App
AuthorEmail: gritsenko.dhr@gmail.com
AuthorWebSite: https://hardalgorithm.github.io
WebSite: https://hardalgorithm.github.io/privacy
SourceCode: https://github.com/hardalgorithm/ParanoidsPal-PrivacyLock
IssueTracker: https://github.com/hardalgorithm/ParanoidsPal-PrivacyLock/issues

AutoName: Paranoid's Pal - Privacy Lock

RepoType: git
Repo: https://github.com/hardalgorithm/ParanoidsPal-PrivacyLock.git
Binaries: https://github.com/hardalgorithm/ParanoidsPal-PrivacyLock/releases/download/latest/app-release.apk

Builds:
  - versionName: v.1.1.3
    versionCode: 5
    commit: d82659458175d269d36a197e51c58b74c2a7de03
    subdir: app
    gradle:
      - yes

AllowedAPKSigningKeys: 9b1c77a2063e23e1b37fceffdf6e2e19628ba6c680e04dbf22088884109bf321

AutoUpdateMode: Version
UpdateCheckMode: Tags
CurrentVersion: v.1.1.3
CurrentVersionCode: 5